
Microsoft Visual Studio Solution File, Format Version 12.00
# Visual Studio Version 17
VisualStudioVersion = 17.7.34031.279
MinimumVisualStudioVersion = 10.0.40219.1
Project("{FAE04EC0-301F-11D3-BF4B-00C04F79EFBC}") = "CS2PropHunt", "CS2PropHunt.csproj", "{5F1727A6-4B56-4229-9E6E-76E676BA8A01}"
EndProject
Global
	GlobalSection(SolutionConfigurationPlatforms) = preSolution
		Debug|Any CPU = Debug|Any CPU
		Release|Any CPU = Release|Any CPU
	EndGlobalSection
	GlobalSection(ProjectConfigurationPlatforms) = postSolution
		{5F1727A6-4B56-4229-9E6E-76E676BA8A01}.Debug|Any CPU.ActiveCfg = Debug|Any CPU
		{5F1727A6-4B56-4229-9E6E-76E676BA8A01}.Debug|Any CPU.Build.0 = Debug|Any CPU
		{5F1727A6-4B56-4229-9E6E-76E676BA8A01}.Release|Any CPU.ActiveCfg = Release|Any CPU
		{5F1727A6-4B56-4229-9E6E-76E676BA8A01}.Release|Any CPU.Build.0 = Release|Any CPU
	EndGlobalSection
	GlobalSection(SolutionProperties) = preSolution
		HideSolutionNode = FALSE
	EndGlobalSection
	GlobalSection(ExtensibilityGlobals) = postSolution
		SolutionGuid = {700AD889-06A7-423F-8914-50EB0C4E615B}
	EndGlobalSection
EndGlobal
